
Microsoft Visual Studio Solution File, Format Version 12.00
# Visual Studio 14
VisualStudioVersion = 14.0.25420.1
MinimumVisualStudioVersion = 10.0.40219.1
Project("{FAE04EC0-301F-11D3-BF4B-00C04F79EFBC}") = "Client_BankOfSanEscobar", "Client_BankOfSanEscobar\Client_BankOfSanEscobar\Client_BankOfSanEscobar.csproj", "{51E9BE92-05CD-446F-BCA4-A6E2AC60EA98}"
EndProject
Project("{FAE04EC0-301F-11D3-BF4B-00C04F79EFBC}") = "Client_BankOfSanEscobar.Droid", "Client_BankOfSanEscobar\Client_BankOfSanEscobar.Droid\Client_BankOfSanEscobar.Droid.csproj", "{B2471A4D-7AC2-4B75-BB5D-1DCC1B35EB45}"
EndProject
Project("{FAE04EC0-301F-11D3-BF4B-00C04F79EFBC}") = "Client_BankOfSanEscobar.iOS", "Client_BankOfSanEscobar\Client_BankOfSanEscobar.iOS\Client_BankOfSanEscobar.iOS.csproj", "{CD98243B-7842-46F1-88C3-CF2A19A1AB61}"
EndProject
Project("{FAE04EC0-301F-11D3-BF4B-00C04F79EFBC}") = "Client_BankOfSanEscobar.WinPhone", "Client_BankOfSanEscobar\Client_BankOfSanEscobar.WinPhone\Client_BankOfSanEscobar.WinPhone.csproj", "{5AC62970-BB45-4936-A7CD-5A66A6A15FBC}"
EndProject
Project("{FAE04EC0-301F-11D3-BF4B-00C04F79EFBC}") = "Client_BankOfSanEscobar.UWP", "Client_BankOfSanEscobar\Client_BankOfSanEscobar.UWP\Client_BankOfSanEscobar.UWP.csproj", "{E9E81E60-D04E-4771-9400-5C29384E2802}"
EndProject
Project("{FAE04EC0-301F-11D3-BF4B-00C04F79EFBC}") = "Client_BankOfSanEscobar.Windows", "Client_BankOfSanEscobar\Client_BankOfSanEscobar.Windows\Client_BankOfSanEscobar.Windows.csproj", "{B885BE21-3002-4316-BF79-1C08BD571816}"
EndProject
Global
	GlobalSection(SolutionConfigurationPlatforms) = preSolution
		Ad-Hoc|Any CPU = Ad-Hoc|Any CPU
		Ad-Hoc|ARM = Ad-Hoc|ARM
		Ad-Hoc|iPhone = Ad-Hoc|iPhone
		Ad-Hoc|iPhoneSimulator = Ad-Hoc|iPhoneSimulator
		Ad-Hoc|x64 = Ad-Hoc|x64
		Ad-Hoc|x86 = Ad-Hoc|x86
		AppStore|Any CPU = AppStore|Any CPU
		AppStore|ARM = AppStore|ARM
		AppStore|iPhone = AppStore|iPhone
		AppStore|iPhoneSimulator = AppStore|iPhoneSimulator
		AppStore|x64 = AppStore|x64
		AppStore|x86 = AppStore|x86
		Debug|Any CPU = Debug|Any CPU
		Debug|ARM = Debug|ARM
		Debug|iPhone = Debug|iPhone
		Debug|iPhoneSimulator = Debug|iPhoneSimulator
		Debug|x64 = Debug|x64
		Debug|x86 = Debug|x86
		Release|Any CPU = Release|Any CPU
		Release|ARM = Release|ARM
		Release|iPhone = Release|iPhone
		Release|iPhoneSimulator = Release|iPhoneSimulator
		Release|x64 = Release|x64
		Release|x86 = Release|x86
	EndGlobalSection
	GlobalSection(ProjectConfigurationPlatforms) = postSolution
		{51E9BE92-05CD-446F-BCA4-A6E2AC60EA98}.Ad-Hoc|Any CPU.ActiveCfg = Release|Any CPU
		{51E9BE92-05CD-446F-BCA4-A6E2AC60EA98}.Ad-Hoc|Any CPU.Build.0 = Release|Any CPU
		{51E9BE92-05CD-446F-BCA4-A6E2AC60EA98}.Ad-Hoc|ARM.ActiveCfg = Release|Any CPU
		{51E9BE92-05CD-446F-BCA4-A6E2AC60EA98}.Ad-Hoc|ARM.Build.0 = Release|Any CPU
		{51E9BE92-05CD-446F-BCA4-A6E2AC60EA98}.Ad-Hoc|iPhone.ActiveCfg = Release|Any CPU
		{51E9BE92-05CD-446F-BCA4-A6E2AC60EA98}.Ad-Hoc|iPhone.Build.0 = Release|Any CPU
		{51E9BE92-05CD-446F-BCA4-A6E2AC60EA98}.Ad-Hoc|iPhoneSimulator.ActiveCfg = Release|Any CPU
		{51E9BE92-05CD-446F-BCA4-A6E2AC60EA98}.Ad-Hoc|iPhoneSimulator.Build.0 = Release|Any CPU
		{51E9BE92-05CD-446F-BCA4-A6E2AC60EA98}.Ad-Hoc|x64.ActiveCfg = Release|Any CPU
		{51E9BE92-05CD-446F-BCA4-A6E2AC60EA98}.Ad-Hoc|x64.Build.0 = Release|Any CPU
		{51E9BE92-05CD-446F-BCA4-A6E2AC60EA98}.Ad-Hoc|x86.ActiveCfg = Release|Any CPU
		{51E9BE92-05CD-446F-BCA4-A6E2AC60EA98}.Ad-Hoc|x86.Build.0 = Release|Any CPU
		{51E9BE92-05CD-446F-BCA4-A6E2AC60EA98}.AppStore|Any CPU.ActiveCfg = Release|Any CPU
		{51E9BE92-05CD-446F-BCA4-A6E2AC60EA98}.AppStore|Any CPU.Build.0 = Release|Any CPU
		{51E9BE92-05CD-446F-BCA4-A6E2AC60EA98}.AppStore|ARM.ActiveCfg = Release|Any CPU
		{51E9BE92-05CD-446F-BCA4-A6E2AC60EA98}.AppStore|ARM.Build.0 = Release|Any CPU
		{51E9BE92-05CD-446F-BCA4-A6E2AC60EA98}.AppStore|iPhone.ActiveCfg = Release|Any CPU
		{51E9BE92-05CD-446F-BCA4-A6E2AC60EA98}.AppStore|iPhone.Build.0 = Release|Any CPU
		{51E9BE92-05CD-446F-BCA4-A6E2AC60EA98}.AppStore|iPhoneSimulator.ActiveCfg = Release|Any CPU
		{51E9BE92-05CD-446F-BCA4-A6E2AC60EA98}.AppStore|iPhoneSimulator.Build.0 = Release|Any CPU
		{51E9BE92-05CD-446F-BCA4-A6E2AC60EA98}.AppStore|x64.ActiveCfg = Release|Any CPU
		{51E9BE92-05CD-446F-BCA4-A6E2AC60EA98}.AppStore|x64.Build.0 = Release|Any CPU
		{51E9BE92-05CD-446F-BCA4-A6E2AC60EA98}.AppStore|x86.ActiveCfg = Release|Any CPU
		{51E9BE92-05CD-446F-BCA4-A6E2AC60EA98}.AppStore|x86.Build.0 = Release|Any CPU
		{51E9BE92-05CD-446F-BCA4-A6E2AC60EA98}.Debug|Any CPU.ActiveCfg = Debug|Any CPU
		{51E9BE92-05CD-446F-BCA4-A6E2AC60EA98}.Debug|Any CPU.Build.0 = Debug|Any CPU
		{51E9BE92-05CD-446F-BCA4-A6E2AC60EA98}.Debug|ARM.ActiveCfg = Debug|Any CPU
		{51E9BE92-05CD-446F-BCA4-A6E2AC60EA98}.Debug|ARM.Build.0 = Debug|Any CPU
		{51E9BE92-05CD-446F-BCA4-A6E2AC60EA98}.Debug|iPhone.ActiveCfg = Debug|Any CPU
		{51E9BE92-05CD-446F-BCA4-A6E2AC60EA98}.Debug|iPhone.Build.0 = Debug|Any CPU
		{51E9BE92-05CD-446F-BCA4-A6E2AC60EA98}.Debug|iPhoneSimulator.ActiveCfg = Debug|Any CPU
		{51E9BE92-05CD-446F-BCA4-A6E2AC60EA98}.Debug|iPhoneSimulator.Build.0 = Debug|Any CPU
		{51E9BE92-05CD-446F-BCA4-A6E2AC60EA98}.Debug|x64.ActiveCfg = Debug|Any CPU
		{51E9BE92-05CD-446F-BCA4-A6E2AC60EA98}.Debug|x64.Build.0 = Debug|Any CPU
		{51E9BE92-05CD-446F-BCA4-A6E2AC60EA98}.Debug|x86.ActiveCfg = Debug|Any CPU
		{51E9BE92-05CD-446F-BCA4-A6E2AC60EA98}.Debug|x86.Build.0 = Debug|Any CPU
		{51E9BE92-05CD-446F-BCA4-A6E2AC60EA98}.Release|Any CPU.ActiveCfg = Release|Any CPU
		{51E9BE92-05CD-446F-BCA4-A6E2AC60EA98}.Release|Any CPU.Build.0 = Release|Any CPU
		{51E9BE92-05CD-446F-BCA4-A6E2AC60EA98}.Release|ARM.ActiveCfg = Release|Any CPU
		{51E9BE92-05CD-446F-BCA4-A6E2AC60EA98}.Release|ARM.Build.0 = Release|Any CPU
		{51E9BE92-05CD-446F-BCA4-A6E2AC60EA98}.Release|iPhone.ActiveCfg = Release|Any CPU
		{51E9BE92-05CD-446F-BCA4-A6E2AC60EA98}.Release|iPhone.Build.0 = Release|Any CPU
		{51E9BE92-05CD-446F-BCA4-A6E2AC60EA98}.Release|iPhoneSimulator.ActiveCfg = Release|Any CPU
		{51E9BE92-05CD-446F-BCA4-A6E2AC60EA98}.Release|iPhoneSimulator.Build.0 = Release|Any CPU
		{51E9BE92-05CD-446F-BCA4-A6E2AC60EA98}.Release|x64.ActiveCfg = Release|Any CPU
		{51E9BE92-05CD-446F-BCA4-A6E2AC60EA98}.Release|x64.Build.0 = Release|Any CPU
		{51E9BE92-05CD-446F-BCA4-A6E2AC60EA98}.Release|x86.ActiveCfg = Release|Any CPU
		{51E9BE92-05CD-446F-BCA4-A6E2AC60EA98}.Release|x86.Build.0 = Release|Any CPU
		{B2471A4D-7AC2-4B75-BB5D-1DCC1B35EB45}.Ad-Hoc|Any CPU.ActiveCfg = Release|Any CPU
		{B2471A4D-7AC2-4B75-BB5D-1DCC1B35EB45}.Ad-Hoc|Any CPU.Build.0 = Release|Any CPU
		{B2471A4D-7AC2-4B75-BB5D-1DCC1B35EB45}.Ad-Hoc|Any CPU.Deploy.0 = Release|Any CPU
		{B2471A4D-7AC2-4B75-BB5D-1DCC1B35EB45}.Ad-Hoc|ARM.ActiveCfg = Release|Any CPU
		{B2471A4D-7AC2-4B75-BB5D-1DCC1B35EB45}.Ad-Hoc|ARM.Build.0 = Release|Any CPU
		{B2471A4D-7AC2-4B75-BB5D-1DCC1B35EB45}.Ad-Hoc|ARM.Deploy.0 = Release|Any CPU
		{B2471A4D-7AC2-4B75-BB5D-1DCC1B35EB45}.Ad-Hoc|iPhone.ActiveCfg = Release|Any CPU
		{B2471A4D-7AC2-4B75-BB5D-1DCC1B35EB45}.Ad-Hoc|iPhone.Build.0 = Release|Any CPU
		{B2471A4D-7AC2-4B75-BB5D-1DCC1B35EB45}.Ad-Hoc|iPhone.Deploy.0 = Release|Any CPU
		{B2471A4D-7AC2-4B75-BB5D-1DCC1B35EB45}.Ad-Hoc|iPhoneSimulator.ActiveCfg = Release|Any CPU
		{B2471A4D-7AC2-4B75-BB5D-1DCC1B35EB45}.Ad-Hoc|iPhoneSimulator.Build.0 = Release|Any CPU
		{B2471A4D-7AC2-4B75-BB5D-1DCC1B35EB45}.Ad-Hoc|iPhoneSimulator.Deploy.0 = Release|Any CPU
		{B2471A4D-7AC2-4B75-BB5D-1DCC1B35EB45}.Ad-Hoc|x64.ActiveCfg = Release|Any CPU
		{B2471A4D-7AC2-4B75-BB5D-1DCC1B35EB45}.Ad-Hoc|x64.Build.0 = Release|Any CPU
		{B2471A4D-7AC2-4B75-BB5D-1DCC1B35EB45}.Ad-Hoc|x64.Deploy.0 = Release|Any CPU
		{B2471A4D-7AC2-4B75-BB5D-1DCC1B35EB45}.Ad-Hoc|x86.ActiveCfg = Release|Any CPU
		{B2471A4D-7AC2-4B75-BB5D-1DCC1B35EB45}.Ad-Hoc|x86.Build.0 = Release|Any CPU
		{B2471A4D-7AC2-4B75-BB5D-1DCC1B35EB45}.Ad-Hoc|x86.Deploy.0 = Release|Any CPU
		{B2471A4D-7AC2-4B75-BB5D-1DCC1B35EB45}.AppStore|Any CPU.ActiveCfg = Release|Any CPU
		{B2471A4D-7AC2-4B75-BB5D-1DCC1B35EB45}.AppStore|Any CPU.Build.0 = Release|Any CPU
		{B2471A4D-7AC2-4B75-BB5D-1DCC1B35EB45}.AppStore|Any CPU.Deploy.0 = Release|Any CPU
		{B2471A4D-7AC2-4B75-BB5D-1DCC1B35EB45}.AppStore|ARM.ActiveCfg = Release|Any CPU
		{B2471A4D-7AC2-4B75-BB5D-1DCC1B35EB45}.AppStore|ARM.Build.0 = Release|Any CPU
		{B2471A4D-7AC2-4B75-BB5D-1DCC1B35EB45}.AppStore|ARM.Deploy.0 = Release|Any CPU
		{B2471A4D-7AC2-4B75-BB5D-1DCC1B35EB45}.AppStore|iPhone.ActiveCfg = Release|Any CPU
		{B2471A4D-7AC2-4B75-BB5D-1DCC1B35EB45}.AppStore|iPhone.Build.0 = Release|Any CPU
		{B2471A4D-7AC2-4B75-BB5D-1DCC1B35EB45}.AppStore|iPhone.Deploy.0 = Release|Any CPU
		{B2471A4D-7AC2-4B75-BB5D-1DCC1B35EB45}.AppStore|iPhoneSimulator.ActiveCfg = Release|Any CPU
		{B2471A4D-7AC2-4B75-BB5D-1DCC1B35EB45}.AppStore|iPhoneSimulator.Build.0 = Release|Any CPU
		{B2471A4D-7AC2-4B75-BB5D-1DCC1B35EB45}.AppStore|iPhoneSimulator.Deploy.0 = Release|Any CPU
		{B2471A4D-7AC2-4B75-BB5D-1DCC1B35EB45}.AppStore|x64.ActiveCfg = Release|Any CPU
		{B2471A4D-7AC2-4B75-BB5D-1DCC1B35EB45}.AppStore|x64.Build.0 = Release|Any CPU
		{B2471A4D-7AC2-4B75-BB5D-1DCC1B35EB45}.AppStore|x64.Deploy.0 = Release|Any CPU
		{B2471A4D-7AC2-4B75-BB5D-1DCC1B35EB45}.AppStore|x86.ActiveCfg = Release|Any CPU
		{B2471A4D-7AC2-4B75-BB5D-1DCC1B35EB45}.AppStore|x86.Build.0 = Release|Any CPU
		{B2471A4D-7AC2-4B75-BB5D-1DCC1B35EB45}.AppStore|x86.Deploy.0 = Release|Any CPU
		{B2471A4D-7AC2-4B75-BB5D-1DCC1B35EB45}.Debug|Any CPU.ActiveCfg = Debug|Any CPU
		{B2471A4D-7AC2-4B75-BB5D-1DCC1B35EB45}.Debug|Any CPU.Build.0 = Debug|Any CPU
		{B2471A4D-7AC2-4B75-BB5D-1DCC1B35EB45}.Debug|Any CPU.Deploy.0 = Debug|Any CPU
		{B2471A4D-7AC2-4B75-BB5D-1DCC1B35EB45}.Debug|ARM.ActiveCfg = Debug|Any CPU
		{B2471A4D-7AC2-4B75-BB5D-1DCC1B35EB45}.Debug|ARM.Build.0 = Debug|Any CPU
		{B2471A4D-7AC2-4B75-BB5D-1DCC1B35EB45}.Debug|ARM.Deploy.0 = Debug|Any CPU
		{B2471A4D-7AC2-4B75-BB5D-1DCC1B35EB45}.Debug|iPhone.ActiveCfg = Debug|Any CPU
		{B2471A4D-7AC2-4B75-BB5D-1DCC1B35EB45}.Debug|iPhone.Build.0 = Debug|Any CPU
		{B2471A4D-7AC2-4B75-BB5D-1DCC1B35EB45}.Debug|iPhone.Deploy.0 = Debug|Any CPU
		{B2471A4D-7AC2-4B75-BB5D-1DCC1B35EB45}.Debug|iPhoneSimulator.ActiveCfg = Debug|Any CPU
		{B2471A4D-7AC2-4B75-BB5D-1DCC1B35EB45}.Debug|iPhoneSimulator.Build.0 = Debug|Any CPU
		{B2471A4D-7AC2-4B75-BB5D-1DCC1B35EB45}.Debug|iPhoneSimulator.Deploy.0 = Debug|Any CPU
		{B2471A4D-7AC2-4B75-BB5D-1DCC1B35EB45}.Debug|x64.ActiveCfg = Debug|Any CPU
		{B2471A4D-7AC2-4B75-BB5D-1DCC1B35EB45}.Debug|x64.Build.0 = Debug|Any CPU
		{B2471A4D-7AC2-4B75-BB5D-1DCC1B35EB45}.Debug|x64.Deploy.0 = Debug|Any CPU
		{B2471A4D-7AC2-4B75-BB5D-1DCC1B35EB45}.Debug|x86.ActiveCfg = Debug|Any CPU
		{B2471A4D-7AC2-4B75-BB5D-1DCC1B35EB45}.Debug|x86.Build.0 = Debug|Any CPU
		{B2471A4D-7AC2-4B75-BB5D-1DCC1B35EB45}.Debug|x86.Deploy.0 = Debug|Any CPU
		{B2471A4D-7AC2-4B75-BB5D-1DCC1B35EB45}.Release|Any CPU.ActiveCfg = Release|Any CPU
		{B2471A4D-7AC2-4B75-BB5D-1DCC1B35EB45}.Release|Any CPU.Build.0 = Release|Any CPU
		{B2471A4D-7AC2-4B75-BB5D-1DCC1B35EB45}.Release|Any CPU.Deploy.0 = Release|Any CPU
		{B2471A4D-7AC2-4B75-BB5D-1DCC1B35EB45}.Release|ARM.ActiveCfg = Release|Any CPU
		{B2471A4D-7AC2-4B75-BB5D-1DCC1B35EB45}.Release|ARM.Build.0 = Release|Any CPU
		{B2471A4D-7AC2-4B75-BB5D-1DCC1B35EB45}.Release|ARM.Deploy.0 = Release|Any CPU
		{B2471A4D-7AC2-4B75-BB5D-1DCC1B35EB45}.Release|iPhone.ActiveCfg = Release|Any CPU
		{B2471A4D-7AC2-4B75-BB5D-1DCC1B35EB45}.Release|iPhone.Build.0 = Release|Any CPU
		{B2471A4D-7AC2-4B75-BB5D-1DCC1B35EB45}.Release|iPhone.Deploy.0 = Release|Any CPU
		{B2471A4D-7AC2-4B75-BB5D-1DCC1B35EB45}.Release|iPhoneSimulator.ActiveCfg = Release|Any CPU
		{B2471A4D-7AC2-4B75-BB5D-1DCC1B35EB45}.Release|iPhoneSimulator.Build.0 = Release|Any CPU
		{B2471A4D-7AC2-4B75-BB5D-1DCC1B35EB45}.Release|iPhoneSimulator.Deploy.0 = Release|Any CPU
		{B2471A4D-7AC2-4B75-BB5D-1DCC1B35EB45}.Release|x64.ActiveCfg = Release|Any CPU
		{B2471A4D-7AC2-4B75-BB5D-1DCC1B35EB45}.Release|x64.Build.0 = Release|Any CPU
		{B2471A4D-7AC2-4B75-BB5D-1DCC1B35EB45}.Release|x64.Deploy.0 = Release|Any CPU
		{B2471A4D-7AC2-4B75-BB5D-1DCC1B35EB45}.Release|x86.ActiveCfg = Release|Any CPU
		{B2471A4D-7AC2-4B75-BB5D-1DCC1B35EB45}.Release|x86.Build.0 = Release|Any CPU
		{B2471A4D-7AC2-4B75-BB5D-1DCC1B35EB45}.Release|x86.Deploy.0 = Release|Any CPU
		{CD98243B-7842-46F1-88C3-CF2A19A1AB61}.Ad-Hoc|Any CPU.ActiveCfg = Ad-Hoc|iPhone
		{CD98243B-7842-46F1-88C3-CF2A19A1AB61}.Ad-Hoc|ARM.ActiveCfg = Ad-Hoc|iPhone
		{CD98243B-7842-46F1-88C3-CF2A19A1AB61}.Ad-Hoc|iPhone.ActiveCfg = Ad-Hoc|iPhone
		{CD98243B-7842-46F1-88C3-CF2A19A1AB61}.Ad-Hoc|iPhone.Build.0 = Ad-Hoc|iPhone
		{CD98243B-7842-46F1-88C3-CF2A19A1AB61}.Ad-Hoc|iPhoneSimulator.ActiveCfg = Ad-Hoc|iPhoneSimulator
		{CD98243B-7842-46F1-88C3-CF2A19A1AB61}.Ad-Hoc|iPhoneSimulator.Build.0 = Ad-Hoc|iPhoneSimulator
		{CD98243B-7842-46F1-88C3-CF2A19A1AB61}.Ad-Hoc|x64.ActiveCfg = Ad-Hoc|iPhone
		{CD98243B-7842-46F1-88C3-CF2A19A1AB61}.Ad-Hoc|x86.ActiveCfg = Ad-Hoc|iPhone
		{CD98243B-7842-46F1-88C3-CF2A19A1AB61}.AppStore|Any CPU.ActiveCfg = AppStore|iPhone
		{CD98243B-7842-46F1-88C3-CF2A19A1AB61}.AppStore|ARM.ActiveCfg = AppStore|iPhone
		{CD98243B-7842-46F1-88C3-CF2A19A1AB61}.AppStore|iPhone.ActiveCfg = AppStore|iPhone
		{CD98243B-7842-46F1-88C3-CF2A19A1AB61}.AppStore|iPhone.Build.0 = AppStore|iPhone
		{CD98243B-7842-46F1-88C3-CF2A19A1AB61}.AppStore|iPhoneSimulator.ActiveCfg = AppStore|iPhoneSimulator
		{CD98243B-7842-46F1-88C3-CF2A19A1AB61}.AppStore|iPhoneSimulator.Build.0 = AppStore|iPhoneSimulator
		{CD98243B-7842-46F1-88C3-CF2A19A1AB61}.AppStore|x64.ActiveCfg = AppStore|iPhone
		{CD98243B-7842-46F1-88C3-CF2A19A1AB61}.AppStore|x86.ActiveCfg = AppStore|iPhone
		{CD98243B-7842-46F1-88C3-CF2A19A1AB61}.Debug|Any CPU.ActiveCfg = Debug|iPhone
		{CD98243B-7842-46F1-88C3-CF2A19A1AB61}.Debug|ARM.ActiveCfg = Debug|iPhone
		{CD98243B-7842-46F1-88C3-CF2A19A1AB61}.Debug|iPhone.ActiveCfg = Debug|iPhone
		{CD98243B-7842-46F1-88C3-CF2A19A1AB61}.Debug|iPhone.Build.0 = Debug|iPhone
		{CD98243B-7842-46F1-88C3-CF2A19A1AB61}.Debug|iPhoneSimulator.ActiveCfg = Debug|iPhoneSimulator
		{CD98243B-7842-46F1-88C3-CF2A19A1AB61}.Debug|iPhoneSimulator.Build.0 = Debug|iPhoneSimulator
		{CD98243B-7842-46F1-88C3-CF2A19A1AB61}.Debug|x64.ActiveCfg = Debug|iPhone
		{CD98243B-7842-46F1-88C3-CF2A19A1AB61}.Debug|x86.ActiveCfg = Debug|iPhone
		{CD98243B-7842-46F1-88C3-CF2A19A1AB61}.Release|Any CPU.ActiveCfg = Release|iPhone
		{CD98243B-7842-46F1-88C3-CF2A19A1AB61}.Release|ARM.ActiveCfg = Release|iPhone
		{CD98243B-7842-46F1-88C3-CF2A19A1AB61}.Release|iPhone.ActiveCfg = Release|iPhone
		{CD98243B-7842-46F1-88C3-CF2A19A1AB61}.Release|iPhone.Build.0 = Release|iPhone
		{CD98243B-7842-46F1-88C3-CF2A19A1AB61}.Release|iPhoneSimulator.ActiveCfg = Release|iPhoneSimulator
		{CD98243B-7842-46F1-88C3-CF2A19A1AB61}.Release|iPhoneSimulator.Build.0 = Release|iPhoneSimulator
		{CD98243B-7842-46F1-88C3-CF2A19A1AB61}.Release|x64.ActiveCfg = Release|iPhone
		{CD98243B-7842-46F1-88C3-CF2A19A1AB61}.Release|x86.ActiveCfg = Release|iPhone
		{5AC62970-BB45-4936-A7CD-5A66A6A15FBC}.Ad-Hoc|Any CPU.ActiveCfg = Release|Any CPU
		{5AC62970-BB45-4936-A7CD-5A66A6A15FBC}.Ad-Hoc|Any CPU.Build.0 = Release|Any CPU
		{5AC62970-BB45-4936-A7CD-5A66A6A15FBC}.Ad-Hoc|Any CPU.Deploy.0 = Release|Any CPU
		{5AC62970-BB45-4936-A7CD-5A66A6A15FBC}.Ad-Hoc|ARM.ActiveCfg = Release|ARM
		{5AC62970-BB45-4936-A7CD-5A66A6A15FBC}.Ad-Hoc|ARM.Build.0 = Release|ARM
		{5AC62970-BB45-4936-A7CD-5A66A6A15FBC}.Ad-Hoc|ARM.Deploy.0 = Release|ARM
		{5AC62970-BB45-4936-A7CD-5A66A6A15FBC}.Ad-Hoc|iPhone.ActiveCfg = Release|Any CPU
		{5AC62970-BB45-4936-A7CD-5A66A6A15FBC}.Ad-Hoc|iPhone.Build.0 = Release|Any CPU
		{5AC62970-BB45-4936-A7CD-5A66A6A15FBC}.Ad-Hoc|iPhone.Deploy.0 = Release|Any CPU
		{5AC62970-BB45-4936-A7CD-5A66A6A15FBC}.Ad-Hoc|iPhoneSimulator.ActiveCfg = Release|Any CPU
		{5AC62970-BB45-4936-A7CD-5A66A6A15FBC}.Ad-Hoc|iPhoneSimulator.Build.0 = Release|Any CPU
		{5AC62970-BB45-4936-A7CD-5A66A6A15FBC}.Ad-Hoc|iPhoneSimulator.Deploy.0 = Release|Any CPU
		{5AC62970-BB45-4936-A7CD-5A66A6A15FBC}.Ad-Hoc|x64.ActiveCfg = Release|Any CPU
		{5AC62970-BB45-4936-A7CD-5A66A6A15FBC}.Ad-Hoc|x64.Build.0 = Release|Any CPU
		{5AC62970-BB45-4936-A7CD-5A66A6A15FBC}.Ad-Hoc|x64.Deploy.0 = Release|Any CPU
		{5AC62970-BB45-4936-A7CD-5A66A6A15FBC}.Ad-Hoc|x86.ActiveCfg = Release|x86
		{5AC62970-BB45-4936-A7CD-5A66A6A15FBC}.Ad-Hoc|x86.Build.0 = Release|x86
		{5AC62970-BB45-4936-A7CD-5A66A6A15FBC}.Ad-Hoc|x86.Deploy.0 = Release|x86
		{5AC62970-BB45-4936-A7CD-5A66A6A15FBC}.AppStore|Any CPU.ActiveCfg = Release|Any CPU
		{5AC62970-BB45-4936-A7CD-5A66A6A15FBC}.AppStore|Any CPU.Build.0 = Release|Any CPU
		{5AC62970-BB45-4936-A7CD-5A66A6A15FBC}.AppStore|Any CPU.Deploy.0 = Release|Any CPU
		{5AC62970-BB45-4936-A7CD-5A66A6A15FBC}.AppStore|ARM.ActiveCfg = Release|ARM
		{5AC62970-BB45-4936-A7CD-5A66A6A15FBC}.AppStore|ARM.Build.0 = Release|ARM
		{5AC62970-BB45-4936-A7CD-5A66A6A15FBC}.AppStore|ARM.Deploy.0 = Release|ARM
		{5AC62970-BB45-4936-A7CD-5A66A6A15FBC}.AppStore|iPhone.ActiveCfg = Release|Any CPU
		{5AC62970-BB45-4936-A7CD-5A66A6A15FBC}.AppStore|iPhone.Build.0 = Release|Any CPU
		{5AC62970-BB45-4936-A7CD-5A66A6A15FBC}.AppStore|iPhone.Deploy.0 = Release|Any CPU
		{5AC62970-BB45-4936-A7CD-5A66A6A15FBC}.AppStore|iPhoneSimulator.ActiveCfg = Release|Any CPU
		{5AC62970-BB45-4936-A7CD-5A66A6A15FBC}.AppStore|iPhoneSimulator.Build.0 = Release|Any CPU
		{5AC62970-BB45-4936-A7CD-5A66A6A15FBC}.AppStore|iPhoneSimulator.Deploy.0 = Release|Any CPU
		{5AC62970-BB45-4936-A7CD-5A66A6A15FBC}.AppStore|x64.ActiveCfg = Release|Any CPU
		{5AC62970-BB45-4936-A7CD-5A66A6A15FBC}.AppStore|x64.Build.0 = Release|Any CPU
		{5AC62970-BB45-4936-A7CD-5A66A6A15FBC}.AppStore|x64.Deploy.0 = Release|Any CPU
		{5AC62970-BB45-4936-A7CD-5A66A6A15FBC}.AppStore|x86.ActiveCfg = Release|x86
		{5AC62970-BB45-4936-A7CD-5A66A6A15FBC}.AppStore|x86.Build.0 = Release|x86
		{5AC62970-BB45-4936-A7CD-5A66A6A15FBC}.AppStore|x86.Deploy.0 = Release|x86
		{5AC62970-BB45-4936-A7CD-5A66A6A15FBC}.Debug|Any CPU.ActiveCfg = Debug|Any CPU
		{5AC62970-BB45-4936-A7CD-5A66A6A15FBC}.Debug|Any CPU.Build.0 = Debug|Any CPU
		{5AC62970-BB45-4936-A7CD-5A66A6A15FBC}.Debug|Any CPU.Deploy.0 = Debug|Any CPU
		{5AC62970-BB45-4936-A7CD-5A66A6A15FBC}.Debug|ARM.ActiveCfg = Debug|ARM
		{5AC62970-BB45-4936-A7CD-5A66A6A15FBC}.Debug|ARM.Build.0 = Debug|ARM
		{5AC62970-BB45-4936-A7CD-5A66A6A15FBC}.Debug|ARM.Deploy.0 = Debug|ARM
		{5AC62970-BB45-4936-A7CD-5A66A6A15FBC}.Debug|iPhone.ActiveCfg = Debug|Any CPU
		{5AC62970-BB45-4936-A7CD-5A66A6A15FBC}.Debug|iPhone.Build.0 = Debug|Any CPU
		{5AC62970-BB45-4936-A7CD-5A66A6A15FBC}.Debug|iPhone.Deploy.0 = Debug|Any CPU
		{5AC62970-BB45-4936-A7CD-5A66A6A15FBC}.Debug|iPhoneSimulator.ActiveCfg = Debug|Any CPU
		{5AC62970-BB45-4936-A7CD-5A66A6A15FBC}.Debug|iPhoneSimulator.Build.0 = Debug|Any CPU
		{5AC62970-BB45-4936-A7CD-5A66A6A15FBC}.Debug|iPhoneSimulator.Deploy.0 = Debug|Any CPU
		{5AC62970-BB45-4936-A7CD-5A66A6A15FBC}.Debug|x64.ActiveCfg = Debug|Any CPU
		{5AC62970-BB45-4936-A7CD-5A66A6A15FBC}.Debug|x64.Build.0 = Debug|Any CPU
		{5AC62970-BB45-4936-A7CD-5A66A6A15FBC}.Debug|x64.Deploy.0 = Debug|Any CPU
		{5AC62970-BB45-4936-A7CD-5A66A6A15FBC}.Debug|x86.ActiveCfg = Debug|x86
		{5AC62970-BB45-4936-A7CD-5A66A6A15FBC}.Debug|x86.Build.0 = Debug|x86
		{5AC62970-BB45-4936-A7CD-5A66A6A15FBC}.Debug|x86.Deploy.0 = Debug|x86
		{5AC62970-BB45-4936-A7CD-5A66A6A15FBC}.Release|Any CPU.ActiveCfg = Release|Any CPU
		{5AC62970-BB45-4936-A7CD-5A66A6A15FBC}.Release|Any CPU.Build.0 = Release|Any CPU
		{5AC62970-BB45-4936-A7CD-5A66A6A15FBC}.Release|Any CPU.Deploy.0 = Release|Any CPU
		{5AC62970-BB45-4936-A7CD-5A66A6A15FBC}.Release|ARM.ActiveCfg = Release|ARM
		{5AC62970-BB45-4936-A7CD-5A66A6A15FBC}.Release|ARM.Build.0 = Release|ARM
		{5AC62970-BB45-4936-A7CD-5A66A6A15FBC}.Release|ARM.Deploy.0 = Release|ARM
		{5AC62970-BB45-4936-A7CD-5A66A6A15FBC}.Release|iPhone.ActiveCfg = Release|Any CPU
		{5AC62970-BB45-4936-A7CD-5A66A6A15FBC}.Release|iPhone.Build.0 = Release|Any CPU
		{5AC62970-BB45-4936-A7CD-5A66A6A15FBC}.Release|iPhone.Deploy.0 = Release|Any CPU
		{5AC62970-BB45-4936-A7CD-5A66A6A15FBC}.Release|iPhoneSimulator.ActiveCfg = Release|Any CPU
		{5AC62970-BB45-4936-A7CD-5A66A6A15FBC}.Release|iPhoneSimulator.Build.0 = Release|Any CPU
		{5AC62970-BB45-4936-A7CD-5A66A6A15FBC}.Release|iPhoneSimulator.Deploy.0 = Release|Any CPU
		{5AC62970-BB45-4936-A7CD-5A66A6A15FBC}.Release|x64.ActiveCfg = Release|Any CPU
		{5AC62970-BB45-4936-A7CD-5A66A6A15FBC}.Release|x64.Build.0 = Release|Any CPU
		{5AC62970-BB45-4936-A7CD-5A66A6A15FBC}.Release|x64.Deploy.0 = Release|Any CPU
		{5AC62970-BB45-4936-A7CD-5A66A6A15FBC}.Release|x86.ActiveCfg = Release|x86
		{5AC62970-BB45-4936-A7CD-5A66A6A15FBC}.Release|x86.Build.0 = Release|x86
		{5AC62970-BB45-4936-A7CD-5A66A6A15FBC}.Release|x86.Deploy.0 = Release|x86
		{E9E81E60-D04E-4771-9400-5C29384E2802}.Ad-Hoc|Any CPU.ActiveCfg = Release|x86
		{E9E81E60-D04E-4771-9400-5C29384E2802}.Ad-Hoc|Any CPU.Build.0 = Release|x86
		{E9E81E60-D04E-4771-9400-5C29384E2802}.Ad-Hoc|Any CPU.Deploy.0 = Release|x86
		{E9E81E60-D04E-4771-9400-5C29384E2802}.Ad-Hoc|ARM.ActiveCfg = Release|ARM
		{E9E81E60-D04E-4771-9400-5C29384E2802}.Ad-Hoc|ARM.Build.0 = Release|ARM
		{E9E81E60-D04E-4771-9400-5C29384E2802}.Ad-Hoc|ARM.Deploy.0 = Release|ARM
		{E9E81E60-D04E-4771-9400-5C29384E2802}.Ad-Hoc|iPhone.ActiveCfg = Release|x86
		{E9E81E60-D04E-4771-9400-5C29384E2802}.Ad-Hoc|iPhone.Build.0 = Release|x86
		{E9E81E60-D04E-4771-9400-5C29384E2802}.Ad-Hoc|iPhone.Deploy.0 = Release|x86
		{E9E81E60-D04E-4771-9400-5C29384E2802}.Ad-Hoc|iPhoneSimulator.ActiveCfg = Release|x86
		{E9E81E60-D04E-4771-9400-5C29384E2802}.Ad-Hoc|iPhoneSimulator.Build.0 = Release|x86
		{E9E81E60-D04E-4771-9400-5C29384E2802}.Ad-Hoc|iPhoneSimulator.Deploy.0 = Release|x86
		{E9E81E60-D04E-4771-9400-5C29384E2802}.Ad-Hoc|x64.ActiveCfg = Release|x64
		{E9E81E60-D04E-4771-9400-5C29384E2802}.Ad-Hoc|x64.Build.0 = Release|x64
		{E9E81E60-D04E-4771-9400-5C29384E2802}.Ad-Hoc|x64.Deploy.0 = Release|x64
		{E9E81E60-D04E-4771-9400-5C29384E2802}.Ad-Hoc|x86.ActiveCfg = Release|x86
		{E9E81E60-D04E-4771-9400-5C29384E2802}.Ad-Hoc|x86.Build.0 = Release|x86
		{E9E81E60-D04E-4771-9400-5C29384E2802}.Ad-Hoc|x86.Deploy.0 = Release|x86
		{E9E81E60-D04E-4771-9400-5C29384E2802}.AppStore|Any CPU.ActiveCfg = Release|x86
		{E9E81E60-D04E-4771-9400-5C29384E2802}.AppStore|Any CPU.Build.0 = Release|x86
		{E9E81E60-D04E-4771-9400-5C29384E2802}.AppStore|Any CPU.Deploy.0 = Release|x86
		{E9E81E60-D04E-4771-9400-5C29384E2802}.AppStore|ARM.ActiveCfg = Release|ARM
		{E9E81E60-D04E-4771-9400-5C29384E2802}.AppStore|ARM.Build.0 = Release|ARM
		{E9E81E60-D04E-4771-9400-5C29384E2802}.AppStore|ARM.Deploy.0 = Release|ARM
		{E9E81E60-D04E-4771-9400-5C29384E2802}.AppStore|iPhone.ActiveCfg = Release|x86
		{E9E81E60-D04E-4771-9400-5C29384E2802}.AppStore|iPhone.Build.0 = Release|x86
		{E9E81E60-D04E-4771-9400-5C29384E2802}.AppStore|iPhone.Deploy.0 = Release|x86
		{E9E81E60-D04E-4771-9400-5C29384E2802}.AppStore|iPhoneSimulator.ActiveCfg = Release|x86
		{E9E81E60-D04E-4771-9400-5C29384E2802}.AppStore|iPhoneSimulator.Build.0 = Release|x86
		{E9E81E60-D04E-4771-9400-5C29384E2802}.AppStore|iPhoneSimulator.Deploy.0 = Release|x86
		{E9E81E60-D04E-4771-9400-5C29384E2802}.AppStore|x64.ActiveCfg = Release|x64
		{E9E81E60-D04E-4771-9400-5C29384E2802}.AppStore|x64.Build.0 = Release|x64
		{E9E81E60-D04E-4771-9400-5C29384E2802}.AppStore|x64.Deploy.0 = Release|x64
		{E9E81E60-D04E-4771-9400-5C29384E2802}.AppStore|x86.ActiveCfg = Release|x86
		{E9E81E60-D04E-4771-9400-5C29384E2802}.AppStore|x86.Build.0 = Release|x86
		{E9E81E60-D04E-4771-9400-5C29384E2802}.AppStore|x86.Deploy.0 = Release|x86
		{E9E81E60-D04E-4771-9400-5C29384E2802}.Debug|Any CPU.ActiveCfg = Debug|x86
		{E9E81E60-D04E-4771-9400-5C29384E2802}.Debug|Any CPU.Build.0 = Debug|x86
		{E9E81E60-D04E-4771-9400-5C29384E2802}.Debug|Any CPU.Deploy.0 = Debug|x86
		{E9E81E60-D04E-4771-9400-5C29384E2802}.Debug|ARM.ActiveCfg = Debug|ARM
		{E9E81E60-D04E-4771-9400-5C29384E2802}.Debug|ARM.Build.0 = Debug|ARM
		{E9E81E60-D04E-4771-9400-5C29384E2802}.Debug|ARM.Deploy.0 = Debug|ARM
		{E9E81E60-D04E-4771-9400-5C29384E2802}.Debug|iPhone.ActiveCfg = Debug|x86
		{E9E81E60-D04E-4771-9400-5C29384E2802}.Debug|iPhoneSimulator.ActiveCfg = Debug|x86
		{E9E81E60-D04E-4771-9400-5C29384E2802}.Debug|x64.ActiveCfg = Debug|x64
		{E9E81E60-D04E-4771-9400-5C29384E2802}.Debug|x64.Build.0 = Debug|x64
		{E9E81E60-D04E-4771-9400-5C29384E2802}.Debug|x64.Deploy.0 = Debug|x64
		{E9E81E60-D04E-4771-9400-5C29384E2802}.Debug|x86.ActiveCfg = Debug|x86
		{E9E81E60-D04E-4771-9400-5C29384E2802}.Debug|x86.Build.0 = Debug|x86
		{E9E81E60-D04E-4771-9400-5C29384E2802}.Debug|x86.Deploy.0 = Debug|x86
		{E9E81E60-D04E-4771-9400-5C29384E2802}.Release|Any CPU.ActiveCfg = Release|x86
		{E9E81E60-D04E-4771-9400-5C29384E2802}.Release|ARM.ActiveCfg = Release|ARM
		{E9E81E60-D04E-4771-9400-5C29384E2802}.Release|ARM.Build.0 = Release|ARM
		{E9E81E60-D04E-4771-9400-5C29384E2802}.Release|ARM.Deploy.0 = Release|ARM
		{E9E81E60-D04E-4771-9400-5C29384E2802}.Release|iPhone.ActiveCfg = Release|x86
		{E9E81E60-D04E-4771-9400-5C29384E2802}.Release|iPhoneSimulator.ActiveCfg = Release|x86
		{E9E81E60-D04E-4771-9400-5C29384E2802}.Release|x64.ActiveCfg = Release|x64
		{E9E81E60-D04E-4771-9400-5C29384E2802}.Release|x64.Build.0 = Release|x64
		{E9E81E60-D04E-4771-9400-5C29384E2802}.Release|x64.Deploy.0 = Release|x64
		{E9E81E60-D04E-4771-9400-5C29384E2802}.Release|x86.ActiveCfg = Release|x86
		{E9E81E60-D04E-4771-9400-5C29384E2802}.Release|x86.Build.0 = Release|x86
		{E9E81E60-D04E-4771-9400-5C29384E2802}.Release|x86.Deploy.0 = Release|x86
		{B885BE21-3002-4316-BF79-1C08BD571816}.Ad-Hoc|Any CPU.ActiveCfg = Release|Any CPU
		{B885BE21-3002-4316-BF79-1C08BD571816}.Ad-Hoc|Any CPU.Build.0 = Release|Any CPU
		{B885BE21-3002-4316-BF79-1C08BD571816}.Ad-Hoc|Any CPU.Deploy.0 = Release|Any CPU
		{B885BE21-3002-4316-BF79-1C08BD571816}.Ad-Hoc|ARM.ActiveCfg = Release|ARM
		{B885BE21-3002-4316-BF79-1C08BD571816}.Ad-Hoc|ARM.Build.0 = Release|ARM
		{B885BE21-3002-4316-BF79-1C08BD571816}.Ad-Hoc|ARM.Deploy.0 = Release|ARM
		{B885BE21-3002-4316-BF79-1C08BD571816}.Ad-Hoc|iPhone.ActiveCfg = Release|Any CPU
		{B885BE21-3002-4316-BF79-1C08BD571816}.Ad-Hoc|iPhone.Build.0 = Release|Any CPU
		{B885BE21-3002-4316-BF79-1C08BD571816}.Ad-Hoc|iPhone.Deploy.0 = Release|Any CPU
		{B885BE21-3002-4316-BF79-1C08BD571816}.Ad-Hoc|iPhoneSimulator.ActiveCfg = Release|Any CPU
		{B885BE21-3002-4316-BF79-1C08BD571816}.Ad-Hoc|iPhoneSimulator.Build.0 = Release|Any CPU
		{B885BE21-3002-4316-BF79-1C08BD571816}.Ad-Hoc|iPhoneSimulator.Deploy.0 = Release|Any CPU
		{B885BE21-3002-4316-BF79-1C08BD571816}.Ad-Hoc|x64.ActiveCfg = Release|x64
		{B885BE21-3002-4316-BF79-1C08BD571816}.Ad-Hoc|x64.Build.0 = Release|x64
		{B885BE21-3002-4316-BF79-1C08BD571816}.Ad-Hoc|x64.Deploy.0 = Release|x64
		{B885BE21-3002-4316-BF79-1C08BD571816}.Ad-Hoc|x86.ActiveCfg = Release|x86
		{B885BE21-3002-4316-BF79-1C08BD571816}.Ad-Hoc|x86.Build.0 = Release|x86
		{B885BE21-3002-4316-BF79-1C08BD571816}.Ad-Hoc|x86.Deploy.0 = Release|x86
		{B885BE21-3002-4316-BF79-1C08BD571816}.AppStore|Any CPU.ActiveCfg = Release|Any CPU
		{B885BE21-3002-4316-BF79-1C08BD571816}.AppStore|Any CPU.Build.0 = Release|Any CPU
		{B885BE21-3002-4316-BF79-1C08BD571816}.AppStore|Any CPU.Deploy.0 = Release|Any CPU
		{B885BE21-3002-4316-BF79-1C08BD571816}.AppStore|ARM.ActiveCfg = Release|ARM
		{B885BE21-3002-4316-BF79-1C08BD571816}.AppStore|ARM.Build.0 = Release|ARM
		{B885BE21-3002-4316-BF79-1C08BD571816}.AppStore|ARM.Deploy.0 = Release|ARM
		{B885BE21-3002-4316-BF79-1C08BD571816}.AppStore|iPhone.ActiveCfg = Release|Any CPU
		{B885BE21-3002-4316-BF79-1C08BD571816}.AppStore|iPhone.Build.0 = Release|Any CPU
		{B885BE21-3002-4316-BF79-1C08BD571816}.AppStore|iPhone.Deploy.0 = Release|Any CPU
		{B885BE21-3002-4316-BF79-1C08BD571816}.AppStore|iPhoneSimulator.ActiveCfg = Release|Any CPU
		{B885BE21-3002-4316-BF79-1C08BD571816}.AppStore|iPhoneSimulator.Build.0 = Release|Any CPU
		{B885BE21-3002-4316-BF79-1C08BD571816}.AppStore|iPhoneSimulator.Deploy.0 = Release|Any CPU
		{B885BE21-3002-4316-BF79-1C08BD571816}.AppStore|x64.ActiveCfg = Release|x64
		{B885BE21-3002-4316-BF79-1C08BD571816}.AppStore|x64.Build.0 = Release|x64
		{B885BE21-3002-4316-BF79-1C08BD571816}.AppStore|x64.Deploy.0 = Release|x64
		{B885BE21-3002-4316-BF79-1C08BD571816}.AppStore|x86.ActiveCfg = Release|x86
		{B885BE21-3002-4316-BF79-1C08BD571816}.AppStore|x86.Build.0 = Release|x86
		{B885BE21-3002-4316-BF79-1C08BD571816}.AppStore|x86.Deploy.0 = Release|x86
		{B885BE21-3002-4316-BF79-1C08BD571816}.Debug|Any CPU.ActiveCfg = Debug|Any CPU
		{B885BE21-3002-4316-BF79-1C08BD571816}.Debug|Any CPU.Build.0 = Debug|Any CPU
		{B885BE21-3002-4316-BF79-1C08BD571816}.Debug|Any CPU.Deploy.0 = Debug|Any CPU
		{B885BE21-3002-4316-BF79-1C08BD571816}.Debug|ARM.ActiveCfg = Debug|ARM
		{B885BE21-3002-4316-BF79-1C08BD571816}.Debug|ARM.Build.0 = Debug|ARM
		{B885BE21-3002-4316-BF79-1C08BD571816}.Debug|ARM.Deploy.0 = Debug|ARM
		{B885BE21-3002-4316-BF79-1C08BD571816}.Debug|iPhone.ActiveCfg = Debug|Any CPU
		{B885BE21-3002-4316-BF79-1C08BD571816}.Debug|iPhone.Build.0 = Debug|Any CPU
		{B885BE21-3002-4316-BF79-1C08BD571816}.Debug|iPhone.Deploy.0 = Debug|Any CPU
		{B885BE21-3002-4316-BF79-1C08BD571816}.Debug|iPhoneSimulator.ActiveCfg = Debug|Any CPU
		{B885BE21-3002-4316-BF79-1C08BD571816}.Debug|iPhoneSimulator.Build.0 = Debug|Any CPU
		{B885BE21-3002-4316-BF79-1C08BD571816}.Debug|iPhoneSimulator.Deploy.0 = Debug|Any CPU
		{B885BE21-3002-4316-BF79-1C08BD571816}.Debug|x64.ActiveCfg = Debug|x64
		{B885BE21-3002-4316-BF79-1C08BD571816}.Debug|x64.Build.0 = Debug|x64
		{B885BE21-3002-4316-BF79-1C08BD571816}.Debug|x64.Deploy.0 = Debug|x64
		{B885BE21-3002-4316-BF79-1C08BD571816}.Debug|x86.ActiveCfg = Debug|x86
		{B885BE21-3002-4316-BF79-1C08BD571816}.Debug|x86.Build.0 = Debug|x86
		{B885BE21-3002-4316-BF79-1C08BD571816}.Debug|x86.Deploy.0 = Debug|x86
		{B885BE21-3002-4316-BF79-1C08BD571816}.Release|Any CPU.ActiveCfg = Release|Any CPU
		{B885BE21-3002-4316-BF79-1C08BD571816}.Release|Any CPU.Build.0 = Release|Any CPU
		{B885BE21-3002-4316-BF79-1C08BD571816}.Release|Any CPU.Deploy.0 = Release|Any CPU
		{B885BE21-3002-4316-BF79-1C08BD571816}.Release|ARM.ActiveCfg = Release|ARM
		{B885BE21-3002-4316-BF79-1C08BD571816}.Release|ARM.Build.0 = Release|ARM
		{B885BE21-3002-4316-BF79-1C08BD571816}.Release|ARM.Deploy.0 = Release|ARM
		{B885BE21-3002-4316-BF79-1C08BD571816}.Release|iPhone.ActiveCfg = Release|Any CPU
		{B885BE21-3002-4316-BF79-1C08BD571816}.Release|iPhone.Build.0 = Release|Any CPU
		{B885BE21-3002-4316-BF79-1C08BD571816}.Release|iPhone.Deploy.0 = Release|Any CPU
		{B885BE21-3002-4316-BF79-1C08BD571816}.Release|iPhoneSimulator.ActiveCfg = Release|Any CPU
		{B885BE21-3002-4316-BF79-1C08BD571816}.Release|iPhoneSimulator.Build.0 = Release|Any CPU
		{B885BE21-3002-4316-BF79-1C08BD571816}.Release|iPhoneSimulator.Deploy.0 = Release|Any CPU
		{B885BE21-3002-4316-BF79-1C08BD571816}.Release|x64.ActiveCfg = Release|x64
		{B885BE21-3002-4316-BF79-1C08BD571816}.Release|x64.Build.0 = Release|x64
		{B885BE21-3002-4316-BF79-1C08BD571816}.Release|x64.Deploy.0 = Release|x64
		{B885BE21-3002-4316-BF79-1C08BD571816}.Release|x86.ActiveCfg = Release|x86
		{B885BE21-3002-4316-BF79-1C08BD571816}.Release|x86.Build.0 = Release|x86
		{B885BE21-3002-4316-BF79-1C08BD571816}.Release|x86.Deploy.0 = Release|x86
	EndGlobalSection
	GlobalSection(SolutionProperties) = preSolution
		HideSolutionNode = FALSE
	EndGlobalSection
EndGlobal
